
Microsoft Visual Studio Solution File, Format Version 12.00
# Visual Studio Version 17
Project("{8BC9CEB8-8B4A-11D0-8D11-00A0C91BC942}") = "ALL_BUILD", "ALL_BUILD.vcxproj", "{16551A18-5419-3AAF-B713-96B421140CB4}"
	ProjectSection(ProjectDependencies) = postProject
		{06C649CA-2576-3171-BAAF-D79C7430B58B} = {06C649CA-2576-3171-BAAF-D79C7430B58B}
		{76D9BA27-25B9-3401-90E8-1BA95AA4B108} = {76D9BA27-25B9-3401-90E8-1BA95AA4B108}
	EndProjectSection
EndProject
Project("{8BC9CEB8-8B4A-11D0-8D11-00A0C91BC942}") = "MyExecutable_1", "MyExecutable_1.vcxproj", "{06C649CA-2576-3171-BAAF-D79C7430B58B}"
	ProjectSection(ProjectDependencies) = postProject
		{76D9BA27-25B9-3401-90E8-1BA95AA4B108} = {76D9BA27-25B9-3401-90E8-1BA95AA4B108}
	EndProjectSection
EndProject
Project("{8BC9CEB8-8B4A-11D0-8D11-00A0C91BC942}") = "ZERO_CHECK", "ZERO_CHECK.vcxproj", "{76D9BA27-25B9-3401-90E8-1BA95AA4B108}"
	ProjectSection(ProjectDependencies) = postProject
	EndProjectSection
EndProject
Global
	GlobalSection(SolutionConfigurationPlatforms) = preSolution
		Debug|x64 = Debug|x64
		Release|x64 = Release|x64
		MinSizeRel|x64 = MinSizeRel|x64
		RelWithDebInfo|x64 = RelWithDebInfo|x64
	EndGlobalSection
	GlobalSection(ProjectConfigurationPlatforms) = postSolution
		{16551A18-5419-3AAF-B713-96B421140CB4}.Debug|x64.ActiveCfg = Debug|x64
		{16551A18-5419-3AAF-B713-96B421140CB4}.Release|x64.ActiveCfg = Release|x64
		{16551A18-5419-3AAF-B713-96B421140CB4}.MinSizeRel|x64.ActiveCfg = MinSizeRel|x64
		{16551A18-5419-3AAF-B713-96B421140CB4}.RelWithDebInfo|x64.ActiveCfg = RelWithDebInfo|x64
		{06C649CA-2576-3171-BAAF-D79C7430B58B}.Debug|x64.ActiveCfg = Debug|x64
		{06C649CA-2576-3171-BAAF-D79C7430B58B}.Debug|x64.Build.0 = Debug|x64
		{06C649CA-2576-3171-BAAF-D79C7430B58B}.Release|x64.ActiveCfg = Release|x64
		{06C649CA-2576-3171-BAAF-D79C7430B58B}.Release|x64.Build.0 = Release|x64
		{06C649CA-2576-3171-BAAF-D79C7430B58B}.MinSizeRel|x64.ActiveCfg = MinSizeRel|x64
		{06C649CA-2576-3171-BAAF-D79C7430B58B}.MinSizeRel|x64.Build.0 = MinSizeRel|x64
		{06C649CA-2576-3171-BAAF-D79C7430B58B}.RelWithDebInfo|x64.ActiveCfg = RelWithDebInfo|x64
		{06C649CA-2576-3171-BAAF-D79C7430B58B}.RelWithDebInfo|x64.Build.0 = RelWithDebInfo|x64
		{76D9BA27-25B9-3401-90E8-1BA95AA4B108}.Debug|x64.ActiveCfg = Debug|x64
		{76D9BA27-25B9-3401-90E8-1BA95AA4B108}.Debug|x64.Build.0 = Debug|x64
		{76D9BA27-25B9-3401-90E8-1BA95AA4B108}.Release|x64.ActiveCfg = Release|x64
		{76D9BA27-25B9-3401-90E8-1BA95AA4B108}.Release|x64.Build.0 = Release|x64
		{76D9BA27-25B9-3401-90E8-1BA95AA4B108}.MinSizeRel|x64.ActiveCfg = MinSizeRel|x64
		{76D9BA27-25B9-3401-90E8-1BA95AA4B108}.MinSizeRel|x64.Build.0 = MinSizeRel|x64
		{76D9BA27-25B9-3401-90E8-1BA95AA4B108}.RelWithDebInfo|x64.ActiveCfg = RelWithDebInfo|x64
		{76D9BA27-25B9-3401-90E8-1BA95AA4B108}.RelWithDebInfo|x64.Build.0 = RelWithDebInfo|x64
	EndGlobalSection
	GlobalSection(ExtensibilityGlobals) = postSolution
		SolutionGuid = {F031E581-772F-3DC7-9B07-DEDB745789C3}
	EndGlobalSection
	GlobalSection(ExtensibilityAddIns) = postSolution
	EndGlobalSection
EndGlobal
