<?xml version="1.0" encoding="utf-8"?>
<Project ToolsVersion="17.0" xmlns="http://schemas.microsoft.com/developer/msbuild/2003">
  <ItemGroup>
    <CustomBuild Include="D:\Storage\Daniil\sundials_build\CMakeFiles\5bba0ee06f0b3a0abc0d61ae0c8f4629\test_install_all.rule">
      <Filter>CMake Rules</Filter>
    </CustomBuild>
    <CustomBuild Include="D:\Storage\Daniil\sundials\sundials-6.5.1\CMakeLists.txt" />
  </ItemGroup>
  <ItemGroup>
    <None Include="D:\Storage\Daniil\sundials_build\CMakeFiles\test_install_all" />
  </ItemGroup>
  <ItemGroup>
    <Filter Include="CMake Rules">
      <UniqueIdentifier>{1A64A4AA-A329-33DD-BABD-515D24972149}</UniqueIdentifier>
    </Filter>
  </ItemGroup>
</Project>
