<?xml version="1.0" encoding="utf-8"?>
<Project ToolsVersion="17.0" xmlns="http://schemas.microsoft.com/developer/msbuild/2003">
  <ItemGroup>
    <CustomBuild Include="D:\Storage\Daniil\sundials_build\CMakeFiles\b1fb64942d9dea5c5b7e441abd9165da\test_install_cvodes_serial.rule">
      <Filter>CMake Rules</Filter>
    </CustomBuild>
    <CustomBuild Include="D:\Storage\Daniil\sundials\sundials-6.5.1\examples\cvodes\serial\CMakeLists.txt" />
  </ItemGroup>
  <ItemGroup>
    <None Include="D:\Storage\Daniil\sundials_build\examples\cvodes\serial\CMakeFiles\test_install_cvodes_serial" />
  </ItemGroup>
  <ItemGroup>
    <Filter Include="CMake Rules">
      <UniqueIdentifier>{1A64A4AA-A329-33DD-BABD-515D24972149}</UniqueIdentifier>
    </Filter>
  </ItemGroup>
</Project>
